<?xml version="1.0" encoding="utf-8"?>
<Project ToolsVersion="4.0" xmlns="http://schemas.microsoft.com/developer/msbuild/2003">
  <ItemGroup>
    <Filter Include="win32">
      <UniqueIdentifier>{84a8ebd7-7cf0-47f6-b75e-d441df67da40}</UniqueIdentifier>
    </Filter>
    <Filter Include="Classes">
      <UniqueIdentifier>{bb6c862e-70e9-49d9-81b7-3829a6f50471}</UniqueIdentifier>
    </Filter>
    <Filter Include="Classes\json">
      <UniqueIdentifier>{eaa92f1b-08fe-41b0-be7b-26f30ee386f7}</UniqueIdentifier>
    </Filter>
  </ItemGroup>
  <ItemGroup>
    <ClCompile Include="main.cpp">
      <Filter>win32</Filter>
    </ClCompile>
    <ClCompile Include="..\Classes\AppDelegate.cpp">
      <Filter>Classes</Filter>
    </ClCompile>
    <ClCompile Include="..\Classes\AnimationManager.cpp">
      <Filter>Classes</Filter>
    </ClCompile>
    <ClCompile Include="..\Classes\BattleAI.cpp">
      <Filter>Classes</Filter>
    </ClCompile>
    <ClCompile Include="..\Classes\BattleCharacter.cpp">
      <Filter>Classes</Filter>
    </ClCompile>
    <ClCompile Include="..\Classes\BattleManager.cpp">
      <Filter>Classes</Filter>
    </ClCompile>
    <ClCompile Include="..\Classes\BattleMapScene.cpp">
      <Filter>Classes</Filter>
    </ClCompile>
    <ClCompile Include="..\Classes\BattleObject.cpp">
      <Filter>Classes</Filter>
    </ClCompile>
    <ClCompile Include="..\Classes\DataLoader.cpp">
      <Filter>Classes</Filter>
    </ClCompile>
    <ClCompile Include="..\Classes\DuelScene.cpp">
      <Filter>Classes</Filter>
    </ClCompile>
    <ClCompile Include="..\Classes\EventHandler.cpp">
      <Filter>Classes</Filter>
    </ClCompile>
    <ClCompile Include="..\Classes\GameUI.cpp">
      <Filter>Classes</Filter>
    </ClCompile>
    <ClCompile Include="..\Classes\main.cpp">
      <Filter>Classes</Filter>
    </ClCompile>
    <ClCompile Include="..\Classes\PlayerDataManager.cpp">
      <Filter>Classes</Filter>
    </ClCompile>
    <ClCompile Include="..\Classes\RangeObject.cpp">
      <Filter>Classes</Filter>
    </ClCompile>
    <ClCompile Include="..\Classes\slg_tools.cpp">
      <Filter>Classes</Filter>
    </ClCompile>
    <ClCompile Include="..\Classes\StartScene.cpp">
      <Filter>Classes</Filter>
    </ClCompile>
    <ClCompile Include="..\Classes\StoryScene.cpp">
      <Filter>Classes</Filter>
    </ClCompile>
  </ItemGroup>
  <ItemGroup>
    <ClInclude Include="main.h">
      <Filter>win32</Filter>
    </ClInclude>
    <ClInclude Include="..\Classes\AppDelegate.h">
      <Filter>Classes</Filter>
    </ClInclude>
    <ClInclude Include="..\Classes\AnimationManager.h">
      <Filter>Classes</Filter>
    </ClInclude>
    <ClInclude Include="..\Classes\AppMacros.h">
      <Filter>Classes</Filter>
    </ClInclude>
    <ClInclude Include="..\Classes\BattleAI.h">
      <Filter>Classes</Filter>
    </ClInclude>
    <ClInclude Include="..\Classes\BattleCharacter.h">
      <Filter>Classes</Filter>
    </ClInclude>
    <ClInclude Include="..\Classes\BattleManager.h">
      <Filter>Classes</Filter>
    </ClInclude>
    <ClInclude Include="..\Classes\BattleMapScene.h">
      <Filter>Classes</Filter>
    </ClInclude>
    <ClInclude Include="..\Classes\BattleObject.h">
      <Filter>Classes</Filter>
    </ClInclude>
    <ClInclude Include="..\Classes\BattleResources.h">
      <Filter>Classes</Filter>
    </ClInclude>
    <ClInclude Include="..\Classes\DataLoader.h">
      <Filter>Classes</Filter>
    </ClInclude>
    <ClInclude Include="..\Classes\DualATKActionDefine.h">
      <Filter>Classes</Filter>
    </ClInclude>
    <ClInclude Include="..\Classes\DuelScene.h">
      <Filter>Classes</Filter>
    </ClInclude>
    <ClInclude Include="..\Classes\EventHandler.h">
      <Filter>Classes</Filter>
    </ClInclude>
    <ClInclude Include="..\Classes\GameUI.h">
      <Filter>Classes</Filter>
    </ClInclude>
    <ClInclude Include="..\Classes\main.h">
      <Filter>Classes</Filter>
    </ClInclude>
    <ClInclude Include="..\Classes\PlayerDataManager.h">
      <Filter>Classes</Filter>
    </ClInclude>
    <ClInclude Include="..\Classes\RangeObject.h">
      <Filter>Classes</Filter>
    </ClInclude>
    <ClInclude Include="..\Classes\resource.h">
      <Filter>Classes</Filter>
    </ClInclude>
    <ClInclude Include="..\Classes\Singleton.h">
      <Filter>Classes</Filter>
    </ClInclude>
    <ClInclude Include="..\Classes\slg_tools.h">
      <Filter>Classes</Filter>
    </ClInclude>
    <ClInclude Include="..\Classes\StartScene.h">
      <Filter>Classes</Filter>
    </ClInclude>
    <ClInclude Include="..\Classes\StoryScene.h">
      <Filter>Classes</Filter>
    </ClInclude>
    <ClInclude Include="..\Classes\json\autolink.h">
      <Filter>Classes\json</Filter>
    </ClInclude>
    <ClInclude Include="..\Classes\json\config.h">
      <Filter>Classes\json</Filter>
    </ClInclude>
    <ClInclude Include="..\Classes\json\features.h">
      <Filter>Classes\json</Filter>
    </ClInclude>
    <ClInclude Include="..\Classes\json\forwards.h">
      <Filter>Classes\json</Filter>
    </ClInclude>
    <ClInclude Include="..\Classes\json\json.h">
      <Filter>Classes\json</Filter>
    </ClInclude>
    <ClInclude Include="..\Classes\json\reader.h">
      <Filter>Classes\json</Filter>
    </ClInclude>
    <ClInclude Include="..\Classes\json\value.h">
      <Filter>Classes\json</Filter>
    </ClInclude>
    <ClInclude Include="..\Classes\json\writer.h">
      <Filter>Classes\json</Filter>
    </ClInclude>
  </ItemGroup>
</Project>